<Solution>
  <Configurations>
    <Platform Name="ARM64" />
    <Platform Name="x64" />
    <Platform Name="x86" />
  </Configurations>
  <Folder Name="/Solution Items/" />
  <Project Path="ClinicalSummarisation (Package)/ClincialSummarisation (Package).wapproj" Type="c7167f0d-bc9f-4e6e-afe1-012c56b48db5" Id="47c42a93-ede3-445b-99de-c69d7e6c0c6a">
    <Deploy />
  </Project>
  <Project Path="ClinicalSummarisation/ClinicalSummarisation.vcxproj" Id="8a088eed-07d6-4815-9416-22fd5a1ec722" />
  <Project Path="Tests/Tests.vcxproj" Id="a1b2c3d4-e5f6-7890-abcd-ef1234567890" />
</Solution>